// !$*UTF8*$!
{
	archiveVersion = 1;
	classes = {
	};
	objectVersion = 46;
	objects = {

/* Begin PBXBuildFile section */
		1E2E71201918B482009D232C /* Foundation.framework in Frameworks */ = {isa = PBXBuildFile; fileRef = 1E2E711F1918B482009D232C /* Foundation.framework */; };
		1E2E71221918B482009D232C /* CoreGraphics.framework in Frameworks */ = {isa = PBXBuildFile; fileRef = 1E2E71211918B482009D232C /* CoreGraphics.framework */; };
		1E2E71241918B482009D232C /* UIKit.framework in Frameworks */ = {isa = PBXBuildFile; fileRef = 1E2E71231918B482009D232C /* UIKit.framework */; };
		1E2E712A1918B482009D232C /* InfoPlist.strings in Resources */ = {isa = PBXBuildFile; fileRef = 1E2E71281918B482009D232C /* InfoPlist.strings */; };
		1E2E712C1918B482009D232C /* main.m in Sources */ = {isa = PBXBuildFile; fileRef = 1E2E712B1918B482009D232C /* main.m */; };
		1E2E71301918B482009D232C /* AppDelegate.m in Sources */ = {isa = PBXBuildFile; fileRef = 1E2E712F1918B482009D232C /* AppDelegate.m */; };
		1E2E71331918B482009D232C /* Main.storyboard in Resources */ = {isa = PBXBuildFile; fileRef = 1E2E71311918B482009D232C /* Main.storyboard */; };
		1E2E71361918B482009D232C /* ViewController.m in Sources */ = {isa = PBXBuildFile; fileRef = 1E2E71351918B482009D232C /* ViewController.m */; };
		1E2E71381918B482009D232C /* Images.xcassets in Resources */ = {isa = PBXBuildFile; fileRef = 1E2E71371918B482009D232C /* Images.xcassets */; };
		1E2E713F1918B482009D232C /* XCTest.framework in Frameworks */ = {isa = PBXBuildFile; fileRef = 1E2E713E1918B482009D232C /* XCTest.framework */; };
		1E2E71401918B482009D232C /* Foundation.framework in Frameworks */ = {isa = PBXBuildFile; fileRef = 1E2E711F1918B482009D232C /* Foundation.framework */; };
		1E2E71411918B482009D232C /* UIKit.framework in Frameworks */ = {isa = PBXBuildFile; fileRef = 1E2E71231918B482009D232C /* UIKit.framework */; };
		1E2E71491918B482009D232C /* InfoPlist.strings in Resources */ = {isa = PBXBuildFile; fileRef = 1E2E71471918B482009D232C /* InfoPlist.strings */; };
		1E2E714B1918B482009D232C /* iOS_AccelerometerTests.m in Sources */ = {isa = PBXBuildFile; fileRef = 1E2E714A1918B482009D232C /* iOS_AccelerometerTests.m */; };
		1E2E71551918B49F009D232C /* CoreMotion.framework in Frameworks */ = {isa = PBXBuildFile; fileRef = 1E2E71541918B49F009D232C /* CoreMotion.framework */; };
		1E2E71571918B4DA009D232C /* background.png in Resources */ = {isa = PBXBuildFile; fileRef = 1E2E71561918B4DA009D232C /* background.png */; };
		1E2E715A1918C079009D232C /* Model.m in Sources */ = {isa = PBXBuildFile; fileRef = 1E2E71591918C079009D232C /* Model.m */; };
		1E2E715C1918C5F9009D232C /* yellowBall.png in Resources */ = {isa = PBXBuildFile; fileRef = 1E2E715B1918C5F9009D232C /* yellowBall.png */; };
		1E2E71601918E9B2009D232C /* resetButton.png in Resources */ = {isa = PBXBuildFile; fileRef = 1E2E715F1918E9B2009D232C /* resetButton.png */; };
		1E2E71651918ECD0009D232C /* Circles.m in Sources */ = {isa = PBXBuildFile; fileRef = 1E2E71641918ECD0009D232C /* Circles.m */; };
/* End PBXBuildFile section */

/* Begin PBXContainerItemProxy section */
		1E2E71421918B482009D232C /* PBXContainerItemProxy */ = {
			isa = PBXContainerItemProxy;
			containerPortal = 1E2E71141918B482009D232C /* Project object */;
			proxyType = 1;
			remoteGlobalIDString = 1E2E711B1918B482009D232C;
			remoteInfo = "iOS-Accelerometer";
		};
/* End PBXContainerItemProxy section */

/* Begin PBXFileReference section */
		1E2E711C1918B482009D232C /* iOS-Accelerometer.app */ = {isa = PBXFileReference; explicitFileType = wrapper.application; includeInIndex = 0; path = "iOS-Accelerometer.app"; sourceTree = BUILT_PRODUCTS_DIR; };
		1E2E711F1918B482009D232C /* Foundation.framework */ = {isa = PBXFileReference; lastKnownFileType = wrapper.framework; name = Foundation.framework; path = System/Library/Frameworks/Foundation.framework; sourceTree = SDKROOT; };
		1E2E71211918B482009D232C /* CoreGraphics.framework */ = {isa = PBXFileReference; lastKnownFileType = wrapper.framework; name = CoreGraphics.framework; path = System/Library/Frameworks/CoreGraphics.framework; sourceTree = SDKROOT; };
		1E2E71231918B482009D232C /* UIKit.framework */ = {isa = PBXFileReference; lastKnownFileType = wrapper.framework; name = UIKit.framework; path = System/Library/Frameworks/UIKit.framework; sourceTree = SDKROOT; };
		1E2E71271918B482009D232C /* iOS-Accelerometer-Info.plist */ = {isa = PBXFileReference; lastKnownFileType = text.plist.xml; path = "iOS-Accelerometer-Info.plist"; sourceTree = "<group>"; };
		1E2E71291918B482009D232C /* en */ = {isa = PBXFileReference; lastKnownFileType = text.plist.strings; name = en; path = en.lproj/InfoPlist.strings; sourceTree = "<group>"; };
		1E2E712B1918B482009D232C /* main.m */ = {isa = PBXFileReference; lastKnownFileType = sourcecode.c.objc; path = main.m; sourceTree = "<group>"; };
		1E2E712D1918B482009D232C /* iOS-Accelerometer-Prefix.pch */ = {isa = PBXFileReference; lastKnownFileType = sourcecode.c.h; path = "iOS-Accelerometer-Prefix.pch"; sourceTree = "<group>"; };
		1E2E712E1918B482009D232C /* AppDelegate.h */ = {isa = PBXFileReference; lastKnownFileType = sourcecode.c.h; path = AppDelegate.h; sourceTree = "<group>"; };
		1E2E712F1918B482009D232C /* AppDelegate.m */ = {isa = PBXFileReference; lastKnownFileType = sourcecode.c.objc; path = AppDelegate.m; sourceTree = "<group>"; };
		1E2E71321918B482009D232C /* Base */ = {isa = PBXFileReference; lastKnownFileType = file.storyboard; name = Base; path = Base.lproj/Main.storyboard; sourceTree = "<group>"; };
		1E2E71341918B482009D232C /* ViewController.h */ = {isa = PBXFileReference; lastKnownFileType = sourcecode.c.h; path = ViewController.h; sourceTree = "<group>"; };
		1E2E71351918B482009D232C /* ViewController.m */ = {isa = PBXFileReference; lastKnownFileType = sourcecode.c.objc; path = ViewController.m; sourceTree = "<group>"; };
		1E2E71371918B482009D232C /* Images.xcassets */ = {isa = PBXFileReference; lastKnownFileType = folder.assetcatalog; path = Images.xcassets; sourceTree = "<group>"; };
		1E2E713D1918B482009D232C /* iOS-AccelerometerTests.xctest */ = {isa = PBXFileReference; explicitFileType = wrapper.cfbundle; includeInIndex = 0; path = "iOS-AccelerometerTests.xctest"; sourceTree = BUILT_PRODUCTS_DIR; };
		1E2E713E1918B482009D232C /* XCTest.framework */ = {isa = PBXFileReference; lastKnownFileType = wrapper.framework; name = XCTest.framework; path = Library/Frameworks/XCTest.framework; sourceTree = DEVELOPER_DIR; };
		1E2E71461918B482009D232C /* iOS-AccelerometerTests-Info.plist */ = {isa = PBXFileReference; lastKnownFileType = text.plist.xml; path = "iOS-AccelerometerTests-Info.plist"; sourceTree = "<group>"; };
		1E2E71481918B482009D232C /* en */ = {isa = PBXFileReference; lastKnownFileType = text.plist.strings; name = en; path = en.lproj/InfoPlist.strings; sourceTree = "<group>"; };
		1E2E714A1918B482009D232C /* iOS_AccelerometerTests.m */ = {isa = PBXFileReference; lastKnownFileType = sourcecode.c.objc; path = iOS_AccelerometerTests.m; sourceTree = "<group>"; };
		1E2E71541918B49F009D232C /* CoreMotion.framework */ = {isa = PBXFileReference; lastKnownFileType = wrapper.framework; name = CoreMotion.framework; path = System/Library/Frameworks/CoreMotion.framework; sourceTree = SDKROOT; };
		1E2E71561918B4DA009D232C /* background.png */ = {isa = PBXFileReference; lastKnownFileType = image.png; path = background.png; sourceTree = "<group>"; };
		1E2E71581918C079009D232C /* Model.h */ = {isa = PBXFileReference; fileEncoding = 4; lastKnownFileType = sourcecode.c.h; path = Model.h; sourceTree = "<group>"; };
		1E2E71591918C079009D232C /* Model.m */ = {isa = PBXFileReference; fileEncoding = 4; lastKnownFileType = sourcecode.c.objc; path = Model.m; sourceTree = "<group>"; };
		1E2E715B1918C5F9009D232C /* yellowBall.png */ = {isa = PBXFileReference; lastKnownFileType = image.png; path = yellowBall.png; sourceTree = "<group>"; };
		1E2E715F1918E9B2009D232C /* resetButton.png */ = {isa = PBXFileReference; lastKnownFileType = image.png; path = resetButton.png; sourceTree = "<group>"; };
		1E2E71631918ECD0009D232C /* Circles.h */ = {isa = PBXFileReference; fileEncoding = 4; lastKnownFileType = sourcecode.c.h; path = Circles.h; sourceTree = "<group>"; };
		1E2E71641918ECD0009D232C /* Circles.m */ = {isa = PBXFileReference; fileEncoding = 4; lastKnownFileType = sourcecode.c.objc; path = Circles.m; sourceTree = "<group>"; };
/* End PBXFileReference section */

/* Begin PBXFrameworksBuildPhase section */
		1E2E71191918B482009D232C /* Frameworks */ = {
			isa = PBXFrameworksBuildPhase;
			buildActionMask = 2147483647;
			files = (
				1E2E71551918B49F009D232C /* CoreMotion.framework in Frameworks */,
				1E2E71221918B482009D232C /* CoreGraphics.framework in Frameworks */,
				1E2E71241918B482009D232C /* UIKit.framework in Frameworks */,
				1E2E71201918B482009D232C /* Foundation.framework in Frameworks */,
			);
			runOnlyForDeploymentPostprocessing = 0;
		};
		1E2E713A1918B482009D232C /* Frameworks */ = {
			isa = PBXFrameworksBuildPhase;
			buildActionMask = 2147483647;
			files = (
				1E2E713F1918B482009D232C /* XCTest.framework in Frameworks */,
				1E2E71411918B482009D232C /* UIKit.framework in Frameworks */,
				1E2E71401918B482009D232C /* Foundation.framework in Frameworks */,
			);
			runOnlyForDeploymentPostprocessing = 0;
		};
/* End PBXFrameworksBuildPhase section */

/* Begin PBXGroup section */
		1E2E71131918B482009D232C = {
			isa = PBXGroup;
			children = (
				1E2E71251918B482009D232C /* iOS-Accelerometer */,
				1E2E71441918B482009D232C /* iOS-AccelerometerTests */,
				1E2E711E1918B482009D232C /* Frameworks */,
				1E2E711D1918B482009D232C /* Products */,
			);
			sourceTree = "<group>";
		};
		1E2E711D1918B482009D232C /* Products */ = {
			isa = PBXGroup;
			children = (
				1E2E711C1918B482009D232C /* iOS-Accelerometer.app */,
				1E2E713D1918B482009D232C /* iOS-AccelerometerTests.xctest */,
			);
			name = Products;
			sourceTree = "<group>";
		};
		1E2E711E1918B482009D232C /* Frameworks */ = {
			isa = PBXGroup;
			children = (
				1E2E71541918B49F009D232C /* CoreMotion.framework */,
				1E2E711F1918B482009D232C /* Foundation.framework */,
				1E2E71211918B482009D232C /* CoreGraphics.framework */,
				1E2E71231918B482009D232C /* UIKit.framework */,
				1E2E713E1918B482009D232C /* XCTest.framework */,
			);
			name = Frameworks;
			sourceTree = "<group>";
		};
		1E2E71251918B482009D232C /* iOS-Accelerometer */ = {
			isa = PBXGroup;
			children = (
				1E2E712E1918B482009D232C /* AppDelegate.h */,
				1E2E712F1918B482009D232C /* AppDelegate.m */,
				1E2E71311918B482009D232C /* Main.storyboard */,
				1E2E71631918ECD0009D232C /* Circles.h */,
				1E2E71641918ECD0009D232C /* Circles.m */,
				1E2E71581918C079009D232C /* Model.h */,
				1E2E71591918C079009D232C /* Model.m */,
				1E2E71341918B482009D232C /* ViewController.h */,
				1E2E71351918B482009D232C /* ViewController.m */,
				1E2E71371918B482009D232C /* Images.xcassets */,
				1E2E71561918B4DA009D232C /* background.png */,
				1E2E715F1918E9B2009D232C /* resetButton.png */,
				1E2E715B1918C5F9009D232C /* yellowBall.png */,
				1E2E71261918B482009D232C /* Supporting Files */,
			);
			path = "iOS-Accelerometer";
			sourceTree = "<group>";
		};
		1E2E71261918B482009D232C /* Supporting Files */ = {
			isa = PBXGroup;
			children = (
				1E2E71271918B482009D232C /* iOS-Accelerometer-Info.plist */,
				1E2E71281918B482009D232C /* InfoPlist.strings */,
				1E2E712B1918B482009D232C /* main.m */,
				1E2E712D1918B482009D232C /* iOS-Accelerometer-Prefix.pch */,
			);
			name = "Supporting Files";
			sourceTree = "<group>";
		};
		1E2E71441918B482009D232C /* iOS-AccelerometerTests */ = {
			isa = PBXGroup;
			children = (
				1E2E714A1918B482009D232C /* iOS_AccelerometerTests.m */,
				1E2E71451918B482009D232C /* Supporting Files */,
			);
			path = "iOS-AccelerometerTests";
			sourceTree = "<group>";
		};
		1E2E71451918B482009D232C /* Supporting Files */ = {
			isa = PBXGroup;
			children = (
				1E2E71461918B482009D232C /* iOS-AccelerometerTests-Info.plist */,
				1E2E71471918B482009D232C /* InfoPlist.strings */,
			);
			name = "Supporting Files";
			sourceTree = "<group>";
		};
/* End PBXGroup section */

/* Begin PBXNativeTarget section */
		1E2E711B1918B482009D232C /* iOS-Accelerometer */ = {
			isa = PBXNativeTarget;
			buildConfigurationList = 1E2E714E1918B482009D232C /* Build configuration list for PBXNativeTarget "iOS-Accelerometer" */;
			buildPhases = (
				1E2E71181918B482009D232C /* Sources */,
				1E2E71191918B482009D232C /* Frameworks */,
				1E2E711A1918B482009D232C /* Resources */,
			);
			buildRules = (
			);
			dependencies = (
			);
			name = "iOS-Accelerometer";
			productName = "iOS-Accelerometer";
			productReference = 1E2E711C1918B482009D232C /* iOS-Accelerometer.app */;
			productType = "com.apple.product-type.application";
		};
		1E2E713C1918B482009D232C /* iOS-AccelerometerTests */ = {
			isa = PBXNativeTarget;
			buildConfigurationList = 1E2E71511918B482009D232C /* Build configuration list for PBXNativeTarget "iOS-AccelerometerTests" */;
			buildPhases = (
				1E2E71391918B482009D232C /* Sources */,
				1E2E713A1918B482009D232C /* Frameworks */,
				1E2E713B1918B482009D232C /* Resources */,
			);
			buildRules = (
			);
			dependencies = (
				1E2E71431918B482009D232C /* PBXTargetDependency */,
			);
			name = "iOS-AccelerometerTests";
			productName = "iOS-AccelerometerTests";
			productReference = 1E2E713D1918B482009D232C /* iOS-AccelerometerTests.xctest */;
			productType = "com.apple.product-type.bundle.unit-test";
		};
/* End PBXNativeTarget section */

/* Begin PBXProject section */
		1E2E71141918B482009D232C /* Project object */ = {
			isa = PBXProject;
			attributes = {
				LastUpgradeCheck = 0510;
				ORGANIZATIONNAME = "Misha software solutions";
				TargetAttributes = {
					1E2E713C1918B482009D232C = {
						TestTargetID = 1E2E711B1918B482009D232C;
					};
				};
			};
			buildConfigurationList = 1E2E71171918B482009D232C /* Build configuration list for PBXProject "iOS-Accelerometer" */;
			compatibilityVersion = "Xcode 3.2";
			developmentRegion = English;
			hasScannedForEncodings = 0;
			knownRegions = (
				en,
				Base,
			);
			mainGroup = 1E2E71131918B482009D232C;
			productRefGroup = 1E2E711D1918B482009D232C /* Products */;
			projectDirPath = "";
			projectRoot = "";
			targets = (
				1E2E711B1918B482009D232C /* iOS-Accelerometer */,
				1E2E713C1918B482009D232C /* iOS-AccelerometerTests */,
			);
		};
/* End PBXProject section */

/* Begin PBXResourcesBuildPhase section */
		1E2E711A1918B482009D232C /* Resources */ = {
			isa = PBXResourcesBuildPhase;
			buildActionMask = 2147483647;
			files = (
				1E2E71601918E9B2009D232C /* resetButton.png in Resources */,
				1E2E715C1918C5F9009D232C /* yellowBall.png in Resources */,
				1E2E71381918B482009D232C /* Images.xcassets in Resources */,
				1E2E71571918B4DA009D232C /* background.png in Resources */,
				1E2E712A1918B482009D232C /* InfoPlist.strings in Resources */,
				1E2E71331918B482009D232C /* Main.storyboard in Resources */,
			);
			runOnlyForDeploymentPostprocessing = 0;
		};
		1E2E713B1918B482009D232C /* Resources */ = {
			isa = PBXResourcesBuildPhase;
			buildActionMask = 2147483647;
			files = (
				1E2E71491918B482009D232C /* InfoPlist.strings in Resources */,
			);
			runOnlyForDeploymentPostprocessing = 0;
		};
/* End PBXResourcesBuildPhase section */

/* Begin PBXSourcesBuildPhase section */
		1E2E71181918B482009D232C /* Sources */ = {
			isa = PBXSourcesBuildPhase;
			buildActionMask = 2147483647;
			files = (
				1E2E71361918B482009D232C /* ViewController.m in Sources */,
				1E2E71651918ECD0009D232C /* Circles.m in Sources */,
				1E2E71301918B482009D232C /* AppDelegate.m in Sources */,
				1E2E712C1918B482009D232C /* main.m in Sources */,
				1E2E715A1918C079009D232C /* Model.m in Sources */,
			);
			runOnlyForDeploymentPostprocessing = 0;
		};
		1E2E71391918B482009D232C /* Sources */ = {
			isa = PBXSourcesBuildPhase;
			buildActionMask = 2147483647;
			files = (
				1E2E714B1918B482009D232C /* iOS_AccelerometerTests.m in Sources */,
			);
			runOnlyForDeploymentPostprocessing = 0;
		};
/* End PBXSourcesBuildPhase section */

/* Begin PBXTargetDependency section */
		1E2E71431918B482009D232C /* PBXTargetDependency */ = {
			isa = PBXTargetDependency;
			target = 1E2E711B1918B482009D232C /* iOS-Accelerometer */;
			targetProxy = 1E2E71421918B482009D232C /* PBXContainerItemProxy */;
		};
/* End PBXTargetDependency section */

/* Begin PBXVariantGroup section */
		1E2E71281918B482009D232C /* InfoPlist.strings */ = {
			isa = PBXVariantGroup;
			children = (
				1E2E71291918B482009D232C /* en */,
			);
			name = InfoPlist.strings;
			sourceTree = "<group>";
		};
		1E2E71311918B482009D232C /* Main.storyboard */ = {
			isa = PBXVariantGroup;
			children = (
				1E2E71321918B482009D232C /* Base */,
			);
			name = Main.storyboard;
			sourceTree = "<group>";
		};
		1E2E71471918B482009D232C /* InfoPlist.strings */ = {
			isa = PBXVariantGroup;
			children = (
				1E2E71481918B482009D232C /* en */,
			);
			name = InfoPlist.strings;
			sourceTree = "<group>";
		};
/* End PBXVariantGroup section */

/* Begin XCBuildConfiguration section */
		1E2E714C1918B482009D232C /* Debug */ = {
			isa = XCBuildConfiguration;
			buildSettings = {
				ALWAYS_SEARCH_USER_PATHS = NO;
				CLANG_CXX_LANGUAGE_STANDARD = "gnu++0x";
				CLANG_CXX_LIBRARY = "libc++";
				CLANG_ENABLE_MODULES = YES;
				CLANG_ENABLE_OBJC_ARC = YES;
				CLANG_WARN_BOOL_CONVERSION = YES;
				CLANG_WARN_CONSTANT_CONVERSION = YES;
				CLANG_WARN_DIRECT_OBJC_ISA_USAGE = YES_ERROR;
				CLANG_WARN_EMPTY_BODY = YES;
				CLANG_WARN_ENUM_CONVERSION = YES;
				CLANG_WARN_INT_CONVERSION = YES;
				CLANG_WARN_OBJC_ROOT_CLASS = YES_ERROR;
				CLANG_WARN__DUPLICATE_METHOD_MATCH = YES;
				"CODE_SIGN_IDENTITY[sdk=iphoneos*]" = "iPhone Developer";
				COPY_PHASE_STRIP = NO;
				GCC_C_LANGUAGE_STANDARD = gnu99;
				GCC_DYNAMIC_NO_PIC = NO;
				GCC_OPTIMIZATION_LEVEL = 0;
				GCC_PREPROCESSOR_DEFINITIONS = (
					"DEBUG=1",
					"$(inherited)",
				);
				GCC_SYMBOLS_PRIVATE_EXTERN = NO;
				GCC_WARN_64_TO_32_BIT_CONVERSION = YES;
				GCC_WARN_ABOUT_RETURN_TYPE = YES_ERROR;
				GCC_WARN_UNDECLARED_SELECTOR = YES;
				GCC_WARN_UNINITIALIZED_AUTOS = YES_AGGRESSIVE;
				GCC_WARN_UNUSED_FUNCTION = YES;
				GCC_WARN_UNUSED_VARIABLE = YES;
				IPHONEOS_DEPLOYMENT_TARGET = 7.1;
				ONLY_ACTIVE_ARCH = YES;
				SDKROOT = iphoneos;
			};
			name = Debug;
		};
		1E2E714D1918B482009D232C /* Release */ = {
			isa = XCBuildConfiguration;
			buildSettings = {
				ALWAYS_SEARCH_USER_PATHS = NO;
				CLANG_CXX_LANGUAGE_STANDARD = "gnu++0x";
				CLANG_CXX_LIBRARY = "libc++";
				CLANG_ENABLE_MODULES = YES;
				CLANG_ENABLE_OBJC_ARC = YES;
				CLANG_WARN_BOOL_CONVERSION = YES;
				CLANG_WARN_CONSTANT_CONVERSION = YES;
				CLANG_WARN_DIRECT_OBJC_ISA_USAGE = YES_ERROR;
				CLANG_WARN_EMPTY_BODY = YES;
				CLANG_WARN_ENUM_CONVERSION = YES;
				CLANG_WARN_INT_CONVERSION = YES;
				CLANG_WARN_OBJC_ROOT_CLASS = YES_ERROR;
				CLANG_WARN__DUPLICATE_METHOD_MATCH = YES;
				"CODE_SIGN_IDENTITY[sdk=iphoneos*]" = "iPhone Developer";
				COPY_PHASE_STRIP = YES;
				ENABLE_NS_ASSERTIONS = NO;
				GCC_C_LANGUAGE_STANDARD = gnu99;
				GCC_WARN_64_TO_32_BIT_CONVERSION = YES;
				GCC_WARN_ABOUT_RETURN_TYPE = YES_ERROR;
				GCC_WARN_UNDECLARED_SELECTOR = YES;
				GCC_WARN_UNINITIALIZED_AUTOS = YES_AGGRESSIVE;
				GCC_WARN_UNUSED_FUNCTION = YES;
				GCC_WARN_UNUSED_VARIABLE = YES;
				IPHONEOS_DEPLOYMENT_TARGET = 7.1;
				SDKROOT = iphoneos;
				VALIDATE_PRODUCT = YES;
			};
			name = Release;
		};
		1E2E714F1918B482009D232C /* Debug */ = {
			isa = XCBuildConfiguration;
			buildSettings = {
				ASSETCATALOG_COMPILER_APPICON_NAME = AppIcon;
				ASSETCATALOG_COMPILER_LAUNCHIMAGE_NAME = LaunchImage;
				GCC_PRECOMPILE_PREFIX_HEADER = YES;
				GCC_PREFIX_HEADER = "iOS-Accelerometer/iOS-Accelerometer-Prefix.pch";
				INFOPLIST_FILE = "iOS-Accelerometer/iOS-Accelerometer-Info.plist";
				PRODUCT_NAME = "$(TARGET_NAME)";
				WRAPPER_EXTENSION = app;
			};
			name = Debug;
		};
		1E2E71501918B482009D232C /* Release */ = {
			isa = XCBuildConfiguration;
			buildSettings = {
				ASSETCATALOG_COMPILER_APPICON_NAME = AppIcon;
				ASSETCATALOG_COMPILER_LAUNCHIMAGE_NAME = LaunchImage;
				GCC_PRECOMPILE_PREFIX_HEADER = YES;
				GCC_PREFIX_HEADER = "iOS-Accelerometer/iOS-Accelerometer-Prefix.pch";
				INFOPLIST_FILE = "iOS-Accelerometer/iOS-Accelerometer-Info.plist";
				PRODUCT_NAME = "$(TARGET_NAME)";
				WRAPPER_EXTENSION = app;
			};
			name = Release;
		};
		1E2E71521918B482009D232C /* Debug */ = {
			isa = XCBuildConfiguration;
			buildSettings = {
				BUNDLE_LOADER = "$(BUILT_PRODUCTS_DIR)/iOS-Accelerometer.app/iOS-Accelerometer";
				FRAMEWORK_SEARCH_PATHS = (
					"$(SDKROOT)/Developer/Library/Frameworks",
					"$(inherited)",
					"$(DEVELOPER_FRAMEWORKS_DIR)",
				);
				GCC_PRECOMPILE_PREFIX_HEADER = YES;
				GCC_PREFIX_HEADER = "iOS-Accelerometer/iOS-Accelerometer-Prefix.pch";
				GCC_PREPROCESSOR_DEFINITIONS = (
					"DEBUG=1",
					"$(inherited)",
				);
				INFOPLIST_FILE = "iOS-AccelerometerTests/iOS-AccelerometerTests-Info.plist";
				PRODUCT_NAME = "$(TARGET_NAME)";
				TEST_HOST = "$(BUNDLE_LOADER)";
				WRAPPER_EXTENSION = xctest;
			};
			name = Debug;
		};
		1E2E71531918B482009D232C /* Release */ = {
			isa = XCBuildConfiguration;
			buildSettings = {
				BUNDLE_LOADER = "$(BUILT_PRODUCTS_DIR)/iOS-Accelerometer.app/iOS-Accelerometer";
				FRAMEWORK_SEARCH_PATHS = (
					"$(SDKROOT)/Developer/Library/Frameworks",
					"$(inherited)",
					"$(DEVELOPER_FRAMEWORKS_DIR)",
				);
				GCC_PRECOMPILE_PREFIX_HEADER = YES;
				GCC_PREFIX_HEADER = "iOS-Accelerometer/iOS-Accelerometer-Prefix.pch";
				INFOPLIST_FILE = "iOS-AccelerometerTests/iOS-AccelerometerTests-Info.plist";
				PRODUCT_NAME = "$(TARGET_NAME)";
				TEST_HOST = "$(BUNDLE_LOADER)";
				WRAPPER_EXTENSION = xctest;
			};
			name = Release;
		};
/* End XCBuildConfiguration section */

/* Begin XCConfigurationList section */
		1E2E71171918B482009D232C /* Build configuration list for PBXProject "iOS-Accelerometer" */ = {
			isa = XCConfigurationList;
			buildConfigurations = (
				1E2E714C1918B482009D232C /* Debug */,
				1E2E714D1918B482009D232C /* Release */,
			);
			defaultConfigurationIsVisible = 0;
			defaultConfigurationName = Release;
		};
		1E2E714E1918B482009D232C /* Build configuration list for PBXNativeTarget "iOS-Accelerometer" */ = {
			isa = XCConfigurationList;
			buildConfigurations = (
				1E2E714F1918B482009D232C /* Debug */,
				1E2E71501918B482009D232C /* Release */,
			);
			defaultConfigurationIsVisible = 0;
		};
		1E2E71511918B482009D232C /* Build configuration list for PBXNativeTarget "iOS-AccelerometerTests" */ = {
			isa = XCConfigurationList;
			buildConfigurations = (
				1E2E71521918B482009D232C /* Debug */,
				1E2E71531918B482009D232C /* Release */,
			);
			defaultConfigurationIsVisible = 0;
		};
/* End XCConfigurationList section */
	};
	rootObject = 1E2E71141918B482009D232C /* Project object */;
}
